
Microsoft Visual Studio Solution File, Format Version 12.00
# Visual Studio Version 17
VisualStudioVersion = 17.0.31903.59
MinimumVisualStudioVersion = 10.0.40219.1
Project("{2150E333-8FDC-42A3-9474-1A3956D46DE8}") = "windows", "windows", "{D3E6501F-4C5C-4318-8DB8-3BA53A02E6BD}"
EndProject
Project("{FAE04EC0-301F-11D3-BF4B-00C04F79EFBC}") = "Agent.Protocol", "windows\Agent.Protocol\Agent.Protocol.csproj", "{9A81CD79-D1C1-4F25-BA91-CB2C5536B709}"
EndProject
Project("{FAE04EC0-301F-11D3-BF4B-00C04F79EFBC}") = "Agent.Security", "windows\Agent.Security\Agent.Security.csproj", "{A471BBED-A98B-4C33-A398-7CF33EEB2E3D}"
EndProject
Project("{FAE04EC0-301F-11D3-BF4B-00C04F79EFBC}") = "Agent.Platform", "windows\Agent.Platform\Agent.Platform.csproj", "{47B928DF-4EAF-4EDA-B7AC-74CE992BB5D2}"
EndProject
Project("{FAE04EC0-301F-11D3-BF4B-00C04F79EFBC}") = "LapCont.Service", "windows\LapCont.Service\LapCont.Service.csproj", "{18B0207F-7453-4C01-8924-38D2D0D03529}"
EndProject
Project("{FAE04EC0-301F-11D3-BF4B-00C04F79EFBC}") = "LapCont.Probe", "windows\LapCont.Probe\LapCont.Probe.csproj", "{740DB040-0D2C-4229-86BF-BDB2A1C1E93F}"
EndProject
Project("{FAE04EC0-301F-11D3-BF4B-00C04F79EFBC}") = "Agent.Tests", "windows\Agent.Tests\Agent.Tests.csproj", "{19F3E89E-6FC0-4ACC-B15A-8E7248BA426F}"
EndProject
Project("{FAE04EC0-301F-11D3-BF4B-00C04F79EFBC}") = "LapCont.ChannelProbe", "windows\LapCont.ChannelProbe\LapCont.ChannelProbe.csproj", "{78048DF4-03EC-4AEB-A897-87C42BB5C974}"
EndProject
Project("{FAE04EC0-301F-11D3-BF4B-00C04F79EFBC}") = "LapCont.Session", "windows\LapCont.Session\LapCont.Session.csproj", "{010ADC1F-022A-45C1-9027-1411E46DEEC6}"
EndProject
Project("{FAE04EC0-301F-11D3-BF4B-00C04F79EFBC}") = "Agent.Core", "windows\Agent.Core\Agent.Core.csproj", "{C537146E-D94E-4C48-A023-35117B980B90}"
EndProject
Global
	GlobalSection(SolutionConfigurationPlatforms) = preSolution
		Debug|Any CPU = Debug|Any CPU
		Release|Any CPU = Release|Any CPU
	EndGlobalSection
	GlobalSection(SolutionProperties) = preSolution
		HideSolutionNode = FALSE
	EndGlobalSection
	GlobalSection(ProjectConfigurationPlatforms) = postSolution
		{9A81CD79-D1C1-4F25-BA91-CB2C5536B709}.Debug|Any CPU.ActiveCfg = Debug|Any CPU
		{9A81CD79-D1C1-4F25-BA91-CB2C5536B709}.Debug|Any CPU.Build.0 = Debug|Any CPU
		{9A81CD79-D1C1-4F25-BA91-CB2C5536B709}.Release|Any CPU.ActiveCfg = Release|Any CPU
		{9A81CD79-D1C1-4F25-BA91-CB2C5536B709}.Release|Any CPU.Build.0 = Release|Any CPU
		{A471BBED-A98B-4C33-A398-7CF33EEB2E3D}.Debug|Any CPU.ActiveCfg = Debug|Any CPU
		{A471BBED-A98B-4C33-A398-7CF33EEB2E3D}.Debug|Any CPU.Build.0 = Debug|Any CPU
		{A471BBED-A98B-4C33-A398-7CF33EEB2E3D}.Release|Any CPU.ActiveCfg = Release|Any CPU
		{A471BBED-A98B-4C33-A398-7CF33EEB2E3D}.Release|Any CPU.Build.0 = Release|Any CPU
		{47B928DF-4EAF-4EDA-B7AC-74CE992BB5D2}.Debug|Any CPU.ActiveCfg = Debug|Any CPU
		{47B928DF-4EAF-4EDA-B7AC-74CE992BB5D2}.Debug|Any CPU.Build.0 = Debug|Any CPU
		{47B928DF-4EAF-4EDA-B7AC-74CE992BB5D2}.Release|Any CPU.ActiveCfg = Release|Any CPU
		{47B928DF-4EAF-4EDA-B7AC-74CE992BB5D2}.Release|Any CPU.Build.0 = Release|Any CPU
		{18B0207F-7453-4C01-8924-38D2D0D03529}.Debug|Any CPU.ActiveCfg = Debug|Any CPU
		{18B0207F-7453-4C01-8924-38D2D0D03529}.Debug|Any CPU.Build.0 = Debug|Any CPU
		{18B0207F-7453-4C01-8924-38D2D0D03529}.Release|Any CPU.ActiveCfg = Release|Any CPU
		{18B0207F-7453-4C01-8924-38D2D0D03529}.Release|Any CPU.Build.0 = Release|Any CPU
		{740DB040-0D2C-4229-86BF-BDB2A1C1E93F}.Debug|Any CPU.ActiveCfg = Debug|Any CPU
		{740DB040-0D2C-4229-86BF-BDB2A1C1E93F}.Debug|Any CPU.Build.0 = Debug|Any CPU
		{740DB040-0D2C-4229-86BF-BDB2A1C1E93F}.Release|Any CPU.ActiveCfg = Release|Any CPU
		{740DB040-0D2C-4229-86BF-BDB2A1C1E93F}.Release|Any CPU.Build.0 = Release|Any CPU
		{19F3E89E-6FC0-4ACC-B15A-8E7248BA426F}.Debug|Any CPU.ActiveCfg = Debug|Any CPU
		{19F3E89E-6FC0-4ACC-B15A-8E7248BA426F}.Debug|Any CPU.Build.0 = Debug|Any CPU
		{19F3E89E-6FC0-4ACC-B15A-8E7248BA426F}.Release|Any CPU.ActiveCfg = Release|Any CPU
		{19F3E89E-6FC0-4ACC-B15A-8E7248BA426F}.Release|Any CPU.Build.0 = Release|Any CPU
		{78048DF4-03EC-4AEB-A897-87C42BB5C974}.Debug|Any CPU.ActiveCfg = Debug|Any CPU
		{78048DF4-03EC-4AEB-A897-87C42BB5C974}.Debug|Any CPU.Build.0 = Debug|Any CPU
		{78048DF4-03EC-4AEB-A897-87C42BB5C974}.Release|Any CPU.ActiveCfg = Release|Any CPU
		{78048DF4-03EC-4AEB-A897-87C42BB5C974}.Release|Any CPU.Build.0 = Release|Any CPU
		{010ADC1F-022A-45C1-9027-1411E46DEEC6}.Debug|Any CPU.ActiveCfg = Debug|Any CPU
		{010ADC1F-022A-45C1-9027-1411E46DEEC6}.Debug|Any CPU.Build.0 = Debug|Any CPU
		{010ADC1F-022A-45C1-9027-1411E46DEEC6}.Release|Any CPU.ActiveCfg = Release|Any CPU
		{010ADC1F-022A-45C1-9027-1411E46DEEC6}.Release|Any CPU.Build.0 = Release|Any CPU
		{C537146E-D94E-4C48-A023-35117B980B90}.Debug|Any CPU.ActiveCfg = Debug|Any CPU
		{C537146E-D94E-4C48-A023-35117B980B90}.Debug|Any CPU.Build.0 = Debug|Any CPU
		{C537146E-D94E-4C48-A023-35117B980B90}.Release|Any CPU.ActiveCfg = Release|Any CPU
		{C537146E-D94E-4C48-A023-35117B980B90}.Release|Any CPU.Build.0 = Release|Any CPU
	EndGlobalSection
	GlobalSection(NestedProjects) = preSolution
		{9A81CD79-D1C1-4F25-BA91-CB2C5536B709} = {D3E6501F-4C5C-4318-8DB8-3BA53A02E6BD}
		{A471BBED-A98B-4C33-A398-7CF33EEB2E3D} = {D3E6501F-4C5C-4318-8DB8-3BA53A02E6BD}
		{47B928DF-4EAF-4EDA-B7AC-74CE992BB5D2} = {D3E6501F-4C5C-4318-8DB8-3BA53A02E6BD}
		{18B0207F-7453-4C01-8924-38D2D0D03529} = {D3E6501F-4C5C-4318-8DB8-3BA53A02E6BD}
		{740DB040-0D2C-4229-86BF-BDB2A1C1E93F} = {D3E6501F-4C5C-4318-8DB8-3BA53A02E6BD}
		{19F3E89E-6FC0-4ACC-B15A-8E7248BA426F} = {D3E6501F-4C5C-4318-8DB8-3BA53A02E6BD}
		{78048DF4-03EC-4AEB-A897-87C42BB5C974} = {D3E6501F-4C5C-4318-8DB8-3BA53A02E6BD}
		{010ADC1F-022A-45C1-9027-1411E46DEEC6} = {D3E6501F-4C5C-4318-8DB8-3BA53A02E6BD}
		{C537146E-D94E-4C48-A023-35117B980B90} = {D3E6501F-4C5C-4318-8DB8-3BA53A02E6BD}
	EndGlobalSection
EndGlobal
